
Microsoft Visual Studio Solution File, Format Version 12.00
Project("{FAE04EC0-301F-11D3-BF4B-00C04F79EFBC}") = "CodeFirst", "CodeFirst\CodeFirst.csproj", "{0EAC7970-4458-45DB-A233-E3312E1F675F}"
EndProject
Global
	GlobalSection(SolutionConfigurationPlatforms) = preSolution
		Debug|Any CPU = Debug|Any CPU
		Release|Any CPU = Release|Any CPU
	EndGlobalSection
	GlobalSection(ProjectConfigurationPlatforms) = postSolution
		{0EAC7970-4458-45DB-A233-E3312E1F675F}.Debug|Any CPU.ActiveCfg = Debug|Any CPU
		{0EAC7970-4458-45DB-A233-E3312E1F675F}.Debug|Any CPU.Build.0 = Debug|Any CPU
		{0EAC7970-4458-45DB-A233-E3312E1F675F}.Release|Any CPU.ActiveCfg = Release|Any CPU
		{0EAC7970-4458-45DB-A233-E3312E1F675F}.Release|Any CPU.Build.0 = Release|Any CPU
	EndGlobalSection
EndGlobal
